
Microsoft Visual Studio Solution File, Format Version 12.00
# Visual Studio Version 16
VisualStudioVersion = 25.0.1706.1
MinimumVisualStudioVersion = 10.0.40219.1
Project("{FAE04EC0-301F-11D3-BF4B-00C04F79EFBC}") = "TrainingApi", "TrainingApi\TrainingApi.csproj", "{373D51E7-7346-4B78-AA10-82796E3CDCC7}"
EndProject
Global
	GlobalSection(SolutionConfigurationPlatforms) = preSolution
		Debug|Any CPU = Debug|Any CPU
		Release|Any CPU = Release|Any CPU
	EndGlobalSection
	GlobalSection(ProjectConfigurationPlatforms) = postSolution
		{373D51E7-7346-4B78-AA10-82796E3CDCC7}.Debug|Any CPU.ActiveCfg = Debug|Any CPU
		{373D51E7-7346-4B78-AA10-82796E3CDCC7}.Debug|Any CPU.Build.0 = Debug|Any CPU
		{373D51E7-7346-4B78-AA10-82796E3CDCC7}.Release|Any CPU.ActiveCfg = Release|Any CPU
		{373D51E7-7346-4B78-AA10-82796E3CDCC7}.Release|Any CPU.Build.0 = Release|Any CPU
	EndGlobalSection
	GlobalSection(SolutionProperties) = preSolution
		HideSolutionNode = FALSE
	EndGlobalSection
	GlobalSection(ExtensibilityGlobals) = postSolution
		SolutionGuid = {FF0A9DB9-F262-4C61-A3F4-C871278AE9D2}
	EndGlobalSection
EndGlobal
