
Microsoft Visual Studio Solution File, Format Version 12.00
# Visual Studio Version 17
VisualStudioVersion = 17.6.33829.357
MinimumVisualStudioVersion = 10.0.40219.1
Project("{FAE04EC0-301F-11D3-BF4B-00C04F79EFBC}") = "Library", "NumberLibrary\Library.csproj", "{6339B6FC-0744-45B5-AE83-15B6ECE95E0F}"
EndProject
Project("{FAE04EC0-301F-11D3-BF4B-00C04F79EFBC}") = "LibraryTest", "LibraryTest\LibraryTest.csproj", "{44DB6893-A947-420E-BE6A-08086D6E20C6}"
EndProject
Global
	GlobalSection(SolutionConfigurationPlatforms) = preSolution
		Debug|Any CPU = Debug|Any CPU
		Release|Any CPU = Release|Any CPU
	EndGlobalSection
	GlobalSection(ProjectConfigurationPlatforms) = postSolution
		{6339B6FC-0744-45B5-AE83-15B6ECE95E0F}.Debug|Any CPU.ActiveCfg = Debug|Any CPU
		{6339B6FC-0744-45B5-AE83-15B6ECE95E0F}.Debug|Any CPU.Build.0 = Debug|Any CPU
		{6339B6FC-0744-45B5-AE83-15B6ECE95E0F}.Release|Any CPU.ActiveCfg = Release|Any CPU
		{6339B6FC-0744-45B5-AE83-15B6ECE95E0F}.Release|Any CPU.Build.0 = Release|Any CPU
		{44DB6893-A947-420E-BE6A-08086D6E20C6}.Debug|Any CPU.ActiveCfg = Debug|Any CPU
		{44DB6893-A947-420E-BE6A-08086D6E20C6}.Debug|Any CPU.Build.0 = Debug|Any CPU
		{44DB6893-A947-420E-BE6A-08086D6E20C6}.Release|Any CPU.ActiveCfg = Release|Any CPU
		{44DB6893-A947-420E-BE6A-08086D6E20C6}.Release|Any CPU.Build.0 = Release|Any CPU
	EndGlobalSection
	GlobalSection(SolutionProperties) = preSolution
		HideSolutionNode = FALSE
	EndGlobalSection
	GlobalSection(ExtensibilityGlobals) = postSolution
		SolutionGuid = {3601DFAF-9BD0-4C89-A69F-462EA6C611D9}
	EndGlobalSection
EndGlobal
